PODS:
  - CocoaLumberjack (1.8.1):
    - CocoaLumberjack/Extensions
  - CocoaLumberjack/Core (1.8.1)
  - CocoaLumberjack/Extensions (1.8.1):
    - CocoaLumberjack/Core
  - FMDB/common (2.1)
  - FMDB/SQLCipher (2.1):
    - FMDB/common
    - SQLCipher
  - Kiwi/ARC (2.2.4)
  - Kiwi/NonARC (2.2.4)
  - Kiwi/XCTest (2.2.4):
    - Kiwi/ARC
    - Kiwi/NonARC
  - PSAlertView (1.1)
  - SQLCipher (3.0.1):
    - SQLCipher/standard
  - SQLCipher/standard (3.0.1)
  - ZauberCommons (0.1.0)

DEPENDENCIES:
  - CocoaLumberjack (~> 1.6)
  - FMDB/SQLCipher (= 2.1)
  - Kiwi/XCTest (~> 2.2.3)
  - PSAlertView (= 1.1)
  - ZauberCommons (= 0.1.0)

SPEC CHECKSUMS:
  CocoaLumberjack: 020378ec400d658923bf5887178394f65f052c90
  FMDB: 3fd5aaf632ca4ed39e3f101e0398504e6d5b0918
  Kiwi: d60d7498b640a16f58b01925fc3c8d7c4d809f66
  PSAlertView: bdccae3cbd14f6060772654ae641daec7415d9fa
  SQLCipher: 006f125d9b85e32ee6242b41adb68f0f5cbc4aa9
  ZauberCommons: bbda2befb5ccecaee4771fbe29a3d942111e516c

COCOAPODS: 0.29.0
